// !$*UTF8*$!
{
	archiveVersion = 1;
	classes = {
	};
	objectVersion = 46;
	objects = {

/* Begin PBXBuildFile section */
		9427981F1BC4730B00A9A541 /* AppDelegate.swift in Sources */ = {isa = PBXBuildFile; fileRef = 9427981E1BC4730B00A9A541 /* AppDelegate.swift */; };
		942798211BC4730B00A9A541 /* ViewController.swift in Sources */ = {isa = PBXBuildFile; fileRef = 942798201BC4730B00A9A541 /* ViewController.swift */; };
		942798241BC4730B00A9A541 /* Main.storyboard in Resources */ = {isa = PBXBuildFile; fileRef = 942798221BC4730B00A9A541 /* Main.storyboard */; };
		942798261BC4730B00A9A541 /* Assets.xcassets in Resources */ = {isa = PBXBuildFile; fileRef = 942798251BC4730B00A9A541 /* Assets.xcassets */; };
		942798291BC4730B00A9A541 /* LaunchScreen.storyboard in Resources */ = {isa = PBXBuildFile; fileRef = 942798271BC4730B00A9A541 /* LaunchScreen.storyboard */; };
		942798341BC4730B00A9A541 /* WhistleTests.swift in Sources */ = {isa = PBXBuildFile; fileRef = 942798331BC4730B00A9A541 /* WhistleTests.swift */; };
		9427983F1BC4730B00A9A541 /* WhistleUITests.swift in Sources */ = {isa = PBXBuildFile; fileRef = 9427983E1BC4730B00A9A541 /* WhistleUITests.swift */; };
/* End PBXBuildFile section */

/* Begin PBXContainerItemProxy section */
		942798301BC4730B00A9A541 /* PBXContainerItemProxy */ = {
			isa = PBXContainerItemProxy;
			containerPortal = 942798131BC4730B00A9A541 /* Project object */;
			proxyType = 1;
			remoteGlobalIDString = 9427981A1BC4730B00A9A541;
			remoteInfo = Whistle;
		};
		9427983B1BC4730B00A9A541 /* PBXContainerItemProxy */ = {
			isa = PBXContainerItemProxy;
			containerPortal = 942798131BC4730B00A9A541 /* Project object */;
			proxyType = 1;
			remoteGlobalIDString = 9427981A1BC4730B00A9A541;
			remoteInfo = Whistle;
		};
/* End PBXContainerItemProxy section */

/* Begin PBXFileReference section */
		9427981B1BC4730B00A9A541 /* Whistle.app */ = {isa = PBXFileReference; explicitFileType = wrapper.application; includeInIndex = 0; path = Whistle.app; sourceTree = BUILT_PRODUCTS_DIR; };
		9427981E1BC4730B00A9A541 /* AppDelegate.swift */ = {isa = PBXFileReference; lastKnownFileType = sourcecode.swift; path = AppDelegate.swift; sourceTree = "<group>"; };
		942798201BC4730B00A9A541 /* ViewController.swift */ = {isa = PBXFileReference; lastKnownFileType = sourcecode.swift; path = ViewController.swift; sourceTree = "<group>"; };
		942798231BC4730B00A9A541 /* Base */ = {isa = PBXFileReference; lastKnownFileType = file.storyboard; name = Base; path = Base.lproj/Main.storyboard; sourceTree = "<group>"; };
		942798251BC4730B00A9A541 /* Assets.xcassets */ = {isa = PBXFileReference; lastKnownFileType = folder.assetcatalog; path = Assets.xcassets; sourceTree = "<group>"; };
		942798281BC4730B00A9A541 /* Base */ = {isa = PBXFileReference; lastKnownFileType = file.storyboard; name = Base; path = Base.lproj/LaunchScreen.storyboard; sourceTree = "<group>"; };
		9427982A1BC4730B00A9A541 /* Info.plist */ = {isa = PBXFileReference; lastKnownFileType = text.plist.xml; path = Info.plist; sourceTree = "<group>"; };
		9427982F1BC4730B00A9A541 /* WhistleTests.xctest */ = {isa = PBXFileReference; explicitFileType = wrapper.cfbundle; includeInIndex = 0; path = WhistleTests.xctest; sourceTree = BUILT_PRODUCTS_DIR; };
		942798331BC4730B00A9A541 /* WhistleTests.swift */ = {isa = PBXFileReference; lastKnownFileType = sourcecode.swift; path = WhistleTests.swift; sourceTree = "<group>"; };
		942798351BC4730B00A9A541 /* Info.plist */ = {isa = PBXFileReference; lastKnownFileType = text.plist.xml; path = Info.plist; sourceTree = "<group>"; };
		9427983A1BC4730B00A9A541 /* WhistleUITests.xctest */ = {isa = PBXFileReference; explicitFileType = wrapper.cfbundle; includeInIndex = 0; path = WhistleUITests.xctest; sourceTree = BUILT_PRODUCTS_DIR; };
		9427983E1BC4730B00A9A541 /* WhistleUITests.swift */ = {isa = PBXFileReference; lastKnownFileType = sourcecode.swift; path = WhistleUITests.swift; sourceTree = "<group>"; };
		942798401BC4730B00A9A541 /* Info.plist */ = {isa = PBXFileReference; lastKnownFileType = text.plist.xml; path = Info.plist; sourceTree = "<group>"; };
/* End PBXFileReference section */

/* Begin PBXFrameworksBuildPhase section */
		942798181BC4730B00A9A541 /* Frameworks */ = {
			isa = PBXFrameworksBuildPhase;
			buildActionMask = 2147483647;
			files = (
			);
			runOnlyForDeploymentPostprocessing = 0;
		};
		9427982C1BC4730B00A9A541 /* Frameworks */ = {
			isa = PBXFrameworksBuildPhase;
			buildActionMask = 2147483647;
			files = (
			);
			runOnlyForDeploymentPostprocessing = 0;
		};
		942798371BC4730B00A9A541 /* Frameworks */ = {
			isa = PBXFrameworksBuildPhase;
			buildActionMask = 2147483647;
			files = (
			);
			runOnlyForDeploymentPostprocessing = 0;
		};
/* End PBXFrameworksBuildPhase section */

/* Begin PBXGroup section */
		942798121BC4730B00A9A541 = {
			isa = PBXGroup;
			children = (
				9427981D1BC4730B00A9A541 /* Whistle */,
				942798321BC4730B00A9A541 /* WhistleTests */,
				9427983D1BC4730B00A9A541 /* WhistleUITests */,
				9427981C1BC4730B00A9A541 /* Products */,
			);
			sourceTree = "<group>";
		};
		9427981C1BC4730B00A9A541 /* Products */ = {
			isa = PBXGroup;
			children = (
				9427981B1BC4730B00A9A541 /* Whistle.app */,
				9427982F1BC4730B00A9A541 /* WhistleTests.xctest */,
				9427983A1BC4730B00A9A541 /* WhistleUITests.xctest */,
			);
			name = Products;
			sourceTree = "<group>";
		};
		9427981D1BC4730B00A9A541 /* Whistle */ = {
			isa = PBXGroup;
			children = (
				9427981E1BC4730B00A9A541 /* AppDelegate.swift */,
				942798201BC4730B00A9A541 /* ViewController.swift */,
				942798221BC4730B00A9A541 /* Main.storyboard */,
				942798251BC4730B00A9A541 /* Assets.xcassets */,
				942798271BC4730B00A9A541 /* LaunchScreen.storyboard */,
				9427982A1BC4730B00A9A541 /* Info.plist */,
			);
			path = Whistle;
			sourceTree = "<group>";
		};
		942798321BC4730B00A9A541 /* WhistleTests */ = {
			isa = PBXGroup;
			children = (
				942798331BC4730B00A9A541 /* WhistleTests.swift */,
				942798351BC4730B00A9A541 /* Info.plist */,
			);
			path = WhistleTests;
			sourceTree = "<group>";
		};
		9427983D1BC4730B00A9A541 /* WhistleUITests */ = {
			isa = PBXGroup;
			children = (
				9427983E1BC4730B00A9A541 /* WhistleUITests.swift */,
				942798401BC4730B00A9A541 /* Info.plist */,
			);
			path = WhistleUITests;
			sourceTree = "<group>";
		};
/* End PBXGroup section */

/* Begin PBXNativeTarget section */
		9427981A1BC4730B00A9A541 /* Whistle */ = {
			isa = PBXNativeTarget;
			buildConfigurationList = 942798431BC4730B00A9A541 /* Build configuration list for PBXNativeTarget "Whistle" */;
			buildPhases = (
				942798171BC4730B00A9A541 /* Sources */,
				942798181BC4730B00A9A541 /* Frameworks */,
				942798191BC4730B00A9A541 /* Resources */,
			);
			buildRules = (
			);
			dependencies = (
			);
			name = Whistle;
			productName = Whistle;
			productReference = 9427981B1BC4730B00A9A541 /* Whistle.app */;
			productType = "com.apple.product-type.application";
		};
		9427982E1BC4730B00A9A541 /* WhistleTests */ = {
			isa = PBXNativeTarget;
			buildConfigurationList = 942798461BC4730B00A9A541 /* Build configuration list for PBXNativeTarget "WhistleTests" */;
			buildPhases = (
				9427982B1BC4730B00A9A541 /* Sources */,
				9427982C1BC4730B00A9A541 /* Frameworks */,
				9427982D1BC4730B00A9A541 /* Resources */,
			);
			buildRules = (
			);
			dependencies = (
				942798311BC4730B00A9A541 /* PBXTargetDependency */,
			);
			name = WhistleTests;
			productName = WhistleTests;
			productReference = 9427982F1BC4730B00A9A541 /* WhistleTests.xctest */;
			productType = "com.apple.product-type.bundle.unit-test";
		};
		942798391BC4730B00A9A541 /* WhistleUITests */ = {
			isa = PBXNativeTarget;
			buildConfigurationList = 942798491BC4730B00A9A541 /* Build configuration list for PBXNativeTarget "WhistleUITests" */;
			buildPhases = (
				942798361BC4730B00A9A541 /* Sources */,
				942798371BC4730B00A9A541 /* Frameworks */,
				942798381BC4730B00A9A541 /* Resources */,
			);
			buildRules = (
			);
			dependencies = (
				9427983C1BC4730B00A9A541 /* PBXTargetDependency */,
			);
			name = WhistleUITests;
			productName = WhistleUITests;
			productReference = 9427983A1BC4730B00A9A541 /* WhistleUITests.xctest */;
			productType = "com.apple.product-type.bundle.ui-testing";
		};
/* End PBXNativeTarget section */

/* Begin PBXProject section */
		942798131BC4730B00A9A541 /* Project object */ = {
			isa = PBXProject;
			attributes = {
				LastUpgradeCheck = 0700;
				ORGANIZATIONNAME = LoopCow;
				TargetAttributes = {
					9427981A1BC4730B00A9A541 = {
						CreatedOnToolsVersion = 7.0.1;
					};
					9427982E1BC4730B00A9A541 = {
						CreatedOnToolsVersion = 7.0.1;
						TestTargetID = 9427981A1BC4730B00A9A541;
					};
					942798391BC4730B00A9A541 = {
						CreatedOnToolsVersion = 7.0.1;
						TestTargetID = 9427981A1BC4730B00A9A541;
					};
				};
			};
			buildConfigurationList = 942798161BC4730B00A9A541 /* Build configuration list for PBXProject "Whistle" */;
			compatibilityVersion = "Xcode 3.2";
			developmentRegion = English;
			hasScannedForEncodings = 0;
			knownRegions = (
				en,
				Base,
			);
			mainGroup = 942798121BC4730B00A9A541;
			productRefGroup = 9427981C1BC4730B00A9A541 /* Products */;
			projectDirPath = "";
			projectRoot = "";
			targets = (
				9427981A1BC4730B00A9A541 /* Whistle */,
				9427982E1BC4730B00A9A541 /* WhistleTests */,
				942798391BC4730B00A9A541 /* WhistleUITests */,
			);
		};
/* End PBXProject section */

/* Begin PBXResourcesBuildPhase section */
		942798191BC4730B00A9A541 /* Resources */ = {
			isa = PBXResourcesBuildPhase;
			buildActionMask = 2147483647;
			files = (
				942798291BC4730B00A9A541 /* LaunchScreen.storyboard in Resources */,
				942798261BC4730B00A9A541 /* Assets.xcassets in Resources */,
				942798241BC4730B00A9A541 /* Main.storyboard in Resources */,
			);
			runOnlyForDeploymentPostprocessing = 0;
		};
		9427982D1BC4730B00A9A541 /* Resources */ = {
			isa = PBXResourcesBuildPhase;
			buildActionMask = 2147483647;
			files = (
			);
			runOnlyForDeploymentPostprocessing = 0;
		};
		942798381BC4730B00A9A541 /* Resources */ = {
			isa = PBXResourcesBuildPhase;
			buildActionMask = 2147483647;
			files = (
			);
			runOnlyForDeploymentPostprocessing = 0;
		};
/* End PBXResourcesBuildPhase section */

/* Begin PBXSourcesBuildPhase section */
		942798171BC4730B00A9A541 /* Sources */ = {
			isa = PBXSourcesBuildPhase;
			buildActionMask = 2147483647;
			files = (
				942798211BC4730B00A9A541 /* ViewController.swift in Sources */,
				9427981F1BC4730B00A9A541 /* AppDelegate.swift in Sources */,
			);
			runOnlyForDeploymentPostprocessing = 0;
		};
		9427982B1BC4730B00A9A541 /* Sources */ = {
			isa = PBXSourcesBuildPhase;
			buildActionMask = 2147483647;
			files = (
				942798341BC4730B00A9A541 /* WhistleTests.swift in Sources */,
			);
			runOnlyForDeploymentPostprocessing = 0;
		};
		942798361BC4730B00A9A541 /* Sources */ = {
			isa = PBXSourcesBuildPhase;
			buildActionMask = 2147483647;
			files = (
				9427983F1BC4730B00A9A541 /* WhistleUITests.swift in Sources */,
			);
			runOnlyForDeploymentPostprocessing = 0;
		};
/* End PBXSourcesBuildPhase section */

/* Begin PBXTargetDependency section */
		942798311BC4730B00A9A541 /* PBXTargetDependency */ = {
			isa = PBXTargetDependency;
			target = 9427981A1BC4730B00A9A541 /* Whistle */;
			targetProxy = 942798301BC4730B00A9A541 /* PBXContainerItemProxy */;
		};
		9427983C1BC4730B00A9A541 /* PBXTargetDependency */ = {
			isa = PBXTargetDependency;
			target = 9427981A1BC4730B00A9A541 /* Whistle */;
			targetProxy = 9427983B1BC4730B00A9A541 /* PBXContainerItemProxy */;
		};
/* End PBXTargetDependency section */

/* Begin PBXVariantGroup section */
		942798221BC4730B00A9A541 /* Main.storyboard */ = {
			isa = PBXVariantGroup;
			children = (
				942798231BC4730B00A9A541 /* Base */,
			);
			name = Main.storyboard;
			sourceTree = "<group>";
		};
		942798271BC4730B00A9A541 /* LaunchScreen.storyboard */ = {
			isa = PBXVariantGroup;
			children = (
				942798281BC4730B00A9A541 /* Base */,
			);
			name = LaunchScreen.storyboard;
			sourceTree = "<group>";
		};
/* End PBXVariantGroup section */

/* Begin XCBuildConfiguration section */
		942798411BC4730B00A9A541 /* Debug */ = {
			isa = XCBuildConfiguration;
			buildSettings = {
				ALWAYS_SEARCH_USER_PATHS = NO;
				CLANG_CXX_LANGUAGE_STANDARD = "gnu++0x";
				CLANG_CXX_LIBRARY = "libc++";
				CLANG_ENABLE_MODULES = YES;
				CLANG_ENABLE_OBJC_ARC = YES;
				CLANG_WARN_BOOL_CONVERSION = YES;
				CLANG_WARN_CONSTANT_CONVERSION = YES;
				CLANG_WARN_DIRECT_OBJC_ISA_USAGE = YES_ERROR;
				CLANG_WARN_EMPTY_BODY = YES;
				CLANG_WARN_ENUM_CONVERSION = YES;
				CLANG_WARN_INT_CONVERSION = YES;
				CLANG_WARN_OBJC_ROOT_CLASS = YES_ERROR;
				CLANG_WARN_UNREACHABLE_CODE = YES;
				CLANG_WARN__DUPLICATE_METHOD_MATCH = YES;
				"CODE_SIGN_IDENTITY[sdk=iphoneos*]" = "iPhone Developer";
				COPY_PHASE_STRIP = NO;
				DEBUG_INFORMATION_FORMAT = dwarf;
				ENABLE_STRICT_OBJC_MSGSEND = YES;
				ENABLE_TESTABILITY = YES;
				GCC_C_LANGUAGE_STANDARD = gnu99;
				GCC_DYNAMIC_NO_PIC = NO;
				GCC_NO_COMMON_BLOCKS = YES;
				GCC_OPTIMIZATION_LEVEL = 0;
				GCC_PREPROCESSOR_DEFINITIONS = (
					"DEBUG=1",
					"$(inherited)",
				);
				GCC_WARN_64_TO_32_BIT_CONVERSION = YES;
				GCC_WARN_ABOUT_RETURN_TYPE = YES_ERROR;
				GCC_WARN_UNDECLARED_SELECTOR = YES;
				GCC_WARN_UNINITIALIZED_AUTOS = YES_AGGRESSIVE;
				GCC_WARN_UNUSED_FUNCTION = YES;
				GCC_WARN_UNUSED_VARIABLE = YES;
				IPHONEOS_DEPLOYMENT_TARGET = 9.0;
				MTL_ENABLE_DEBUG_INFO = YES;
				ONLY_ACTIVE_ARCH = YES;
				SDKROOT = iphoneos;
				SWIFT_OPTIMIZATION_LEVEL = "-Onone";
				TARGETED_DEVICE_FAMILY = "1,2";
			};
			name = Debug;
		};
		942798421BC4730B00A9A541 /* Release */ = {
			isa = XCBuildConfiguration;
			buildSettings = {
				ALWAYS_SEARCH_USER_PATHS = NO;
				CLANG_CXX_LANGUAGE_STANDARD = "gnu++0x";
				CLANG_CXX_LIBRARY = "libc++";
				CLANG_ENABLE_MODULES = YES;
				CLANG_ENABLE_OBJC_ARC = YES;
				CLANG_WARN_BOOL_CONVERSION = YES;
				CLANG_WARN_CONSTANT_CONVERSION = YES;
				CLANG_WARN_DIRECT_OBJC_ISA_USAGE = YES_ERROR;
				CLANG_WARN_EMPTY_BODY = YES;
				CLANG_WARN_ENUM_CONVERSION = YES;
				CLANG_WARN_INT_CONVERSION = YES;
				CLANG_WARN_OBJC_ROOT_CLASS = YES_ERROR;
				CLANG_WARN_UNREACHABLE_CODE = YES;
				CLANG_WARN__DUPLICATE_METHOD_MATCH = YES;
				"CODE_SIGN_IDENTITY[sdk=iphoneos*]" = "iPhone Developer";
				COPY_PHASE_STRIP = NO;
				DEBUG_INFORMATION_FORMAT = "dwarf-with-dsym";
				ENABLE_NS_ASSERTIONS = NO;
				ENABLE_STRICT_OBJC_MSGSEND = YES;
				GCC_C_LANGUAGE_STANDARD = gnu99;
				GCC_NO_COMMON_BLOCKS = YES;
				GCC_WARN_64_TO_32_BIT_CONVERSION = YES;
				GCC_WARN_ABOUT_RETURN_TYPE = YES_ERROR;
				GCC_WARN_UNDECLARED_SELECTOR = YES;
				GCC_WARN_UNINITIALIZED_AUTOS = YES_AGGRESSIVE;
				GCC_WARN_UNUSED_FUNCTION = YES;
				GCC_WARN_UNUSED_VARIABLE = YES;
				IPHONEOS_DEPLOYMENT_TARGET = 9.0;
				MTL_ENABLE_DEBUG_INFO = NO;
				SDKROOT = iphoneos;
				TARGETED_DEVICE_FAMILY = "1,2";
				VALIDATE_PRODUCT = YES;
			};
			name = Release;
		};
		942798441BC4730B00A9A541 /* Debug */ = {
			isa = XCBuildConfiguration;
			buildSettings = {
				ASSETCATALOG_COMPILER_APPICON_NAME = AppIcon;
				INFOPLIST_FILE = Whistle/Info.plist;
				LD_RUNPATH_SEARCH_PATHS = "$(inherited) @executable_path/Frameworks";
				PRODUCT_BUNDLE_IDENTIFIER = LoopCow.Whistle;
				PRODUCT_NAME = "$(TARGET_NAME)";
			};
			name = Debug;
		};
		942798451BC4730B00A9A541 /* Release */ = {
			isa = XCBuildConfiguration;
			buildSettings = {
				ASSETCATALOG_COMPILER_APPICON_NAME = AppIcon;
				INFOPLIST_FILE = Whistle/Info.plist;
				LD_RUNPATH_SEARCH_PATHS = "$(inherited) @executable_path/Frameworks";
				PRODUCT_BUNDLE_IDENTIFIER = LoopCow.Whistle;
				PRODUCT_NAME = "$(TARGET_NAME)";
			};
			name = Release;
		};
		942798471BC4730B00A9A541 /* Debug */ = {
			isa = XCBuildConfiguration;
			buildSettings = {
				BUNDLE_LOADER = "$(TEST_HOST)";
				INFOPLIST_FILE = WhistleTests/Info.plist;
				LD_RUNPATH_SEARCH_PATHS = "$(inherited) @executable_path/Frameworks @loader_path/Frameworks";
				PRODUCT_BUNDLE_IDENTIFIER = LoopCow.WhistleTests;
				PRODUCT_NAME = "$(TARGET_NAME)";
				TEST_HOST = "$(BUILT_PRODUCTS_DIR)/Whistle.app/Whistle";
			};
			name = Debug;
		};
		942798481BC4730B00A9A541 /* Release */ = {
			isa = XCBuildConfiguration;
			buildSettings = {
				BUNDLE_LOADER = "$(TEST_HOST)";
				INFOPLIST_FILE = WhistleTests/Info.plist;
				LD_RUNPATH_SEARCH_PATHS = "$(inherited) @executable_path/Frameworks @loader_path/Frameworks";
				PRODUCT_BUNDLE_IDENTIFIER = LoopCow.WhistleTests;
				PRODUCT_NAME = "$(TARGET_NAME)";
				TEST_HOST = "$(BUILT_PRODUCTS_DIR)/Whistle.app/Whistle";
			};
			name = Release;
		};
		9427984A1BC4730B00A9A541 /* Debug */ = {
			isa = XCBuildConfiguration;
			buildSettings = {
				INFOPLIST_FILE = WhistleUITests/Info.plist;
				LD_RUNPATH_SEARCH_PATHS = "$(inherited) @executable_path/Frameworks @loader_path/Frameworks";
				PRODUCT_BUNDLE_IDENTIFIER = LoopCow.WhistleUITests;
				PRODUCT_NAME = "$(TARGET_NAME)";
				TEST_TARGET_NAME = Whistle;
				USES_XCTRUNNER = YES;
			};
			name = Debug;
		};
		9427984B1BC4730B00A9A541 /* Release */ = {
			isa = XCBuildConfiguration;
			buildSettings = {
				INFOPLIST_FILE = WhistleUITests/Info.plist;
				LD_RUNPATH_SEARCH_PATHS = "$(inherited) @executable_path/Frameworks @loader_path/Frameworks";
				PRODUCT_BUNDLE_IDENTIFIER = LoopCow.WhistleUITests;
				PRODUCT_NAME = "$(TARGET_NAME)";
				TEST_TARGET_NAME = Whistle;
				USES_XCTRUNNER = YES;
			};
			name = Release;
		};
/* End XCBuildConfiguration section */

/* Begin XCConfigurationList section */
		942798161BC4730B00A9A541 /* Build configuration list for PBXProject "Whistle" */ = {
			isa = XCConfigurationList;
			buildConfigurations = (
				942798411BC4730B00A9A541 /* Debug */,
				942798421BC4730B00A9A541 /* Release */,
			);
			defaultConfigurationIsVisible = 0;
			defaultConfigurationName = Release;
		};
		942798431BC4730B00A9A541 /* Build configuration list for PBXNativeTarget "Whistle" */ = {
			isa = XCConfigurationList;
			buildConfigurations = (
				942798441BC4730B00A9A541 /* Debug */,
				942798451BC4730B00A9A541 /* Release */,
			);
			defaultConfigurationIsVisible = 0;
		};
		942798461BC4730B00A9A541 /* Build configuration list for PBXNativeTarget "WhistleTests" */ = {
			isa = XCConfigurationList;
			buildConfigurations = (
				942798471BC4730B00A9A541 /* Debug */,
				942798481BC4730B00A9A541 /* Release */,
			);
			defaultConfigurationIsVisible = 0;
		};
		942798491BC4730B00A9A541 /* Build configuration list for PBXNativeTarget "WhistleUITests" */ = {
			isa = XCConfigurationList;
			buildConfigurations = (
				9427984A1BC4730B00A9A541 /* Debug */,
				9427984B1BC4730B00A9A541 /* Release */,
			);
			defaultConfigurationIsVisible = 0;
		};
/* End XCConfigurationList section */
	};
	rootObject = 942798131BC4730B00A9A541 /* Project object */;
}
